
Microsoft Visual Studio Solution File, Format Version 12.00
# Visual Studio Version 16
VisualStudioVersion = 16.0.30114.105
MinimumVisualStudioVersion = 10.0.40219.1
Project("{FAE04EC0-301F-11D3-BF4B-00C04F79EFBC}") = "ProEventos.Application", "ProEventos.Application\ProEventos.Application.csproj", "{D9238EB7-749C-4089-BA1E-61DB42246F2B}"
EndProject
Project("{FAE04EC0-301F-11D3-BF4B-00C04F79EFBC}") = "ProEventos.Domain", "ProEventos.Domain\ProEventos.Domain.csproj", "{E1C2E997-9F21-4108-91F6-7AF0A8852355}"
EndProject
Project("{FAE04EC0-301F-11D3-BF4B-00C04F79EFBC}") = "ProEventos.API", "ProEventos.API\ProEventos.API.csproj", "{4DA95C73-8355-4DD8-B9EB-830CC9DB32F9}"
EndProject
Project("{FAE04EC0-301F-11D3-BF4B-00C04F79EFBC}") = "ProEventos.Persistence", "ProEventos.Persistence\ProEventos.Persistence.csproj", "{D0765B34-2E15-49DD-A679-DAF070ADF393}"
EndProject
Global
	GlobalSection(SolutionConfigurationPlatforms) = preSolution
		Debug|Any CPU = Debug|Any CPU
		Debug|x64 = Debug|x64
		Debug|x86 = Debug|x86
		Release|Any CPU = Release|Any CPU
		Release|x64 = Release|x64
		Release|x86 = Release|x86
	EndGlobalSection
	GlobalSection(SolutionProperties) = preSolution
		HideSolutionNode = FALSE
	EndGlobalSection
	GlobalSection(ProjectConfigurationPlatforms) = postSolution
		{D9238EB7-749C-4089-BA1E-61DB42246F2B}.Debug|Any CPU.ActiveCfg = Debug|Any CPU
		{D9238EB7-749C-4089-BA1E-61DB42246F2B}.Debug|Any CPU.Build.0 = Debug|Any CPU
		{D9238EB7-749C-4089-BA1E-61DB42246F2B}.Debug|x64.ActiveCfg = Debug|Any CPU
		{D9238EB7-749C-4089-BA1E-61DB42246F2B}.Debug|x64.Build.0 = Debug|Any CPU
		{D9238EB7-749C-4089-BA1E-61DB42246F2B}.Debug|x86.ActiveCfg = Debug|Any CPU
		{D9238EB7-749C-4089-BA1E-61DB42246F2B}.Debug|x86.Build.0 = Debug|Any CPU
		{D9238EB7-749C-4089-BA1E-61DB42246F2B}.Release|Any CPU.ActiveCfg = Release|Any CPU
		{D9238EB7-749C-4089-BA1E-61DB42246F2B}.Release|Any CPU.Build.0 = Release|Any CPU
		{D9238EB7-749C-4089-BA1E-61DB42246F2B}.Release|x64.ActiveCfg = Release|Any CPU
		{D9238EB7-749C-4089-BA1E-61DB42246F2B}.Release|x64.Build.0 = Release|Any CPU
		{D9238EB7-749C-4089-BA1E-61DB42246F2B}.Release|x86.ActiveCfg = Release|Any CPU
		{D9238EB7-749C-4089-BA1E-61DB42246F2B}.Release|x86.Build.0 = Release|Any CPU
		{E1C2E997-9F21-4108-91F6-7AF0A8852355}.Debug|Any CPU.ActiveCfg = Debug|Any CPU
		{E1C2E997-9F21-4108-91F6-7AF0A8852355}.Debug|Any CPU.Build.0 = Debug|Any CPU
		{E1C2E997-9F21-4108-91F6-7AF0A8852355}.Debug|x64.ActiveCfg = Debug|Any CPU
		{E1C2E997-9F21-4108-91F6-7AF0A8852355}.Debug|x64.Build.0 = Debug|Any CPU
		{E1C2E997-9F21-4108-91F6-7AF0A8852355}.Debug|x86.ActiveCfg = Debug|Any CPU
		{E1C2E997-9F21-4108-91F6-7AF0A8852355}.Debug|x86.Build.0 = Debug|Any CPU
		{E1C2E997-9F21-4108-91F6-7AF0A8852355}.Release|Any CPU.ActiveCfg = Release|Any CPU
		{E1C2E997-9F21-4108-91F6-7AF0A8852355}.Release|Any CPU.Build.0 = Release|Any CPU
		{E1C2E997-9F21-4108-91F6-7AF0A8852355}.Release|x64.ActiveCfg = Release|Any CPU
		{E1C2E997-9F21-4108-91F6-7AF0A8852355}.Release|x64.Build.0 = Release|Any CPU
		{E1C2E997-9F21-4108-91F6-7AF0A8852355}.Release|x86.ActiveCfg = Release|Any CPU
		{E1C2E997-9F21-4108-91F6-7AF0A8852355}.Release|x86.Build.0 = Release|Any CPU
		{4DA95C73-8355-4DD8-B9EB-830CC9DB32F9}.Debug|Any CPU.ActiveCfg = Debug|Any CPU
		{4DA95C73-8355-4DD8-B9EB-830CC9DB32F9}.Debug|Any CPU.Build.0 = Debug|Any CPU
		{4DA95C73-8355-4DD8-B9EB-830CC9DB32F9}.Debug|x64.ActiveCfg = Debug|Any CPU
		{4DA95C73-8355-4DD8-B9EB-830CC9DB32F9}.Debug|x64.Build.0 = Debug|Any CPU
		{4DA95C73-8355-4DD8-B9EB-830CC9DB32F9}.Debug|x86.ActiveCfg = Debug|Any CPU
		{4DA95C73-8355-4DD8-B9EB-830CC9DB32F9}.Debug|x86.Build.0 = Debug|Any CPU
		{4DA95C73-8355-4DD8-B9EB-830CC9DB32F9}.Release|Any CPU.ActiveCfg = Release|Any CPU
		{4DA95C73-8355-4DD8-B9EB-830CC9DB32F9}.Release|Any CPU.Build.0 = Release|Any CPU
		{4DA95C73-8355-4DD8-B9EB-830CC9DB32F9}.Release|x64.ActiveCfg = Release|Any CPU
		{4DA95C73-8355-4DD8-B9EB-830CC9DB32F9}.Release|x64.Build.0 = Release|Any CPU
		{4DA95C73-8355-4DD8-B9EB-830CC9DB32F9}.Release|x86.ActiveCfg = Release|Any CPU
		{4DA95C73-8355-4DD8-B9EB-830CC9DB32F9}.Release|x86.Build.0 = Release|Any CPU
		{D0765B34-2E15-49DD-A679-DAF070ADF393}.Debug|Any CPU.ActiveCfg = Debug|Any CPU
		{D0765B34-2E15-49DD-A679-DAF070ADF393}.Debug|Any CPU.Build.0 = Debug|Any CPU
		{D0765B34-2E15-49DD-A679-DAF070ADF393}.Debug|x64.ActiveCfg = Debug|Any CPU
		{D0765B34-2E15-49DD-A679-DAF070ADF393}.Debug|x64.Build.0 = Debug|Any CPU
		{D0765B34-2E15-49DD-A679-DAF070ADF393}.Debug|x86.ActiveCfg = Debug|Any CPU
		{D0765B34-2E15-49DD-A679-DAF070ADF393}.Debug|x86.Build.0 = Debug|Any CPU
		{D0765B34-2E15-49DD-A679-DAF070ADF393}.Release|Any CPU.ActiveCfg = Release|Any CPU
		{D0765B34-2E15-49DD-A679-DAF070ADF393}.Release|Any CPU.Build.0 = Release|Any CPU
		{D0765B34-2E15-49DD-A679-DAF070ADF393}.Release|x64.ActiveCfg = Release|Any CPU
		{D0765B34-2E15-49DD-A679-DAF070ADF393}.Release|x64.Build.0 = Release|Any CPU
		{D0765B34-2E15-49DD-A679-DAF070ADF393}.Release|x86.ActiveCfg = Release|Any CPU
		{D0765B34-2E15-49DD-A679-DAF070ADF393}.Release|x86.Build.0 = Release|Any CPU
	EndGlobalSection
EndGlobal
